
Microsoft Visual Studio Solution File, Format Version 12.00
# Visual Studio 15
VisualStudioVersion = 15.0.26730.12
MinimumVisualStudioVersion = 10.0.40219.1
Project("{FAE04EC0-301F-11D3-BF4B-00C04F79EFBC}") = "Serialization", "Serialization\Serialization.csproj", "{83ADE8DC-CE45-4847-9465-97E65D2DB36C}"
EndProject
Global
	GlobalSection(SolutionConfigurationPlatforms) = preSolution
		Debug|Any CPU = Debug|Any CPU
		Release|Any CPU = Release|Any CPU
	EndGlobalSection
	GlobalSection(ProjectConfigurationPlatforms) = postSolution
		{83ADE8DC-CE45-4847-9465-97E65D2DB36C}.Debug|Any CPU.ActiveCfg = Debug|Any CPU
		{83ADE8DC-CE45-4847-9465-97E65D2DB36C}.Debug|Any CPU.Build.0 = Debug|Any CPU
		{83ADE8DC-CE45-4847-9465-97E65D2DB36C}.Release|Any CPU.ActiveCfg = Release|Any CPU
		{83ADE8DC-CE45-4847-9465-97E65D2DB36C}.Release|Any CPU.Build.0 = Release|Any CPU
	EndGlobalSection
	GlobalSection(SolutionProperties) = preSolution
		HideSolutionNode = FALSE
	EndGlobalSection
	GlobalSection(ExtensibilityGlobals) = postSolution
		SolutionGuid = {16D45D73-7308-4686-AA25-CAAE35461726}
	EndGlobalSection
EndGlobal
